
Microsoft Visual Studio Solution File, Format Version 12.00
# Visual Studio Version 16
VisualStudioVersion = 16.0.28711.60
MinimumVisualStudioVersion = 10.0.40219.1
Project("{2150E333-8FDC-42A3-9474-1A3956D46DE8}") = "src", "src", "{97624CD0-BD0B-403C-B499-9724A09AD24C}"
EndProject
Project("{2150E333-8FDC-42A3-9474-1A3956D46DE8}") = "test", "test", "{65FD4D76-C981-4E62-BE6A-6C0D325D5E39}"
EndProject
Project("{2150E333-8FDC-42A3-9474-1A3956D46DE8}") = "doc", "doc", "{736CD13B-5059-4605-9DF7-F144A711D360}"
	ProjectSection(SolutionItems) = preProject
		.gitignore = .gitignore
		LICENSE = LICENSE
		README.md = README.md
	EndProjectSection
EndProject
Project("{2150E333-8FDC-42A3-9474-1A3956D46DE8}") = "deploy", "deploy", "{259B7A88-0E88-44AC-97CB-AB579BD7AFD9}"
EndProject
Project("{9A19103F-16F7-4668-BE54-9A1E7A4F7556}") = "CTB.Server", "src\CTB\Server\CTB.Server.csproj", "{7F494362-F570-4FA5-BA6B-66098EB40C3B}"
EndProject
Project("{9A19103F-16F7-4668-BE54-9A1E7A4F7556}") = "CTB.Client", "src\CTB\Client\CTB.Client.csproj", "{5C790EFB-1ADB-44F8-A9EF-ACA9F45D9F4C}"
EndProject
Project("{9A19103F-16F7-4668-BE54-9A1E7A4F7556}") = "CTB.Shared", "src\CTB\Shared\CTB.Shared.csproj", "{9740C6A1-C5E0-400B-A89E-0DD5B24DFAA9}"
EndProject
Project("{2150E333-8FDC-42A3-9474-1A3956D46DE8}") = "doc", "doc", "{4A452F3D-7EDE-4534-B538-D8D30CD08FF7}"
	ProjectSection(SolutionItems) = preProject
		doc\misc.md = doc\misc.md
	EndProjectSection
EndProject
Project("{FAE04EC0-301F-11D3-BF4B-00C04F79EFBC}") = "ImageCreator", "src\ImageCreator\ImageCreator.csproj", "{1EF3B6F2-8965-4AEE-B4F1-BF3CEDA6BBFF}"
EndProject
Global
	GlobalSection(SolutionConfigurationPlatforms) = preSolution
		Debug|Any CPU = Debug|Any CPU
		Release|Any CPU = Release|Any CPU
	EndGlobalSection
	GlobalSection(ProjectConfigurationPlatforms) = postSolution
		{7F494362-F570-4FA5-BA6B-66098EB40C3B}.Debug|Any CPU.ActiveCfg = Debug|Any CPU
		{7F494362-F570-4FA5-BA6B-66098EB40C3B}.Debug|Any CPU.Build.0 = Debug|Any CPU
		{7F494362-F570-4FA5-BA6B-66098EB40C3B}.Release|Any CPU.ActiveCfg = Release|Any CPU
		{7F494362-F570-4FA5-BA6B-66098EB40C3B}.Release|Any CPU.Build.0 = Release|Any CPU
		{5C790EFB-1ADB-44F8-A9EF-ACA9F45D9F4C}.Debug|Any CPU.ActiveCfg = Debug|Any CPU
		{5C790EFB-1ADB-44F8-A9EF-ACA9F45D9F4C}.Debug|Any CPU.Build.0 = Debug|Any CPU
		{5C790EFB-1ADB-44F8-A9EF-ACA9F45D9F4C}.Release|Any CPU.ActiveCfg = Release|Any CPU
		{5C790EFB-1ADB-44F8-A9EF-ACA9F45D9F4C}.Release|Any CPU.Build.0 = Release|Any CPU
		{9740C6A1-C5E0-400B-A89E-0DD5B24DFAA9}.Debug|Any CPU.ActiveCfg = Debug|Any CPU
		{9740C6A1-C5E0-400B-A89E-0DD5B24DFAA9}.Debug|Any CPU.Build.0 = Debug|Any CPU
		{9740C6A1-C5E0-400B-A89E-0DD5B24DFAA9}.Release|Any CPU.ActiveCfg = Release|Any CPU
		{9740C6A1-C5E0-400B-A89E-0DD5B24DFAA9}.Release|Any CPU.Build.0 = Release|Any CPU
		{1EF3B6F2-8965-4AEE-B4F1-BF3CEDA6BBFF}.Debug|Any CPU.ActiveCfg = Debug|Any CPU
		{1EF3B6F2-8965-4AEE-B4F1-BF3CEDA6BBFF}.Debug|Any CPU.Build.0 = Debug|Any CPU
		{1EF3B6F2-8965-4AEE-B4F1-BF3CEDA6BBFF}.Release|Any CPU.ActiveCfg = Release|Any CPU
		{1EF3B6F2-8965-4AEE-B4F1-BF3CEDA6BBFF}.Release|Any CPU.Build.0 = Release|Any CPU
	EndGlobalSection
	GlobalSection(SolutionProperties) = preSolution
		HideSolutionNode = FALSE
	EndGlobalSection
	GlobalSection(NestedProjects) = preSolution
		{7F494362-F570-4FA5-BA6B-66098EB40C3B} = {97624CD0-BD0B-403C-B499-9724A09AD24C}
		{5C790EFB-1ADB-44F8-A9EF-ACA9F45D9F4C} = {97624CD0-BD0B-403C-B499-9724A09AD24C}
		{9740C6A1-C5E0-400B-A89E-0DD5B24DFAA9} = {97624CD0-BD0B-403C-B499-9724A09AD24C}
		{4A452F3D-7EDE-4534-B538-D8D30CD08FF7} = {736CD13B-5059-4605-9DF7-F144A711D360}
		{1EF3B6F2-8965-4AEE-B4F1-BF3CEDA6BBFF} = {97624CD0-BD0B-403C-B499-9724A09AD24C}
	EndGlobalSection
	GlobalSection(ExtensibilityGlobals) = postSolution
		SolutionGuid = {7116710A-7D27-4B61-BF4E-1B2F966352A2}
	EndGlobalSection
EndGlobal
